
Microsoft Visual Studio Solution File, Format Version 12.00
# Visual Studio 15
VisualStudioVersion = 15.0.28307.1267
MinimumVisualStudioVersion = 10.0.40219.1
Project("{FAE04EC0-301F-11D3-BF4B-00C04F79EFBC}") = "FriendlyPicks", "FriendlyPicks\FriendlyPicks.csproj", "{040B400D-7CD8-4094-9DF3-E712C2E70117}"
EndProject
Global
	GlobalSection(SolutionConfigurationPlatforms) = preSolution
		Debug|Any CPU = Debug|Any CPU
		Release|Any CPU = Release|Any CPU
	EndGlobalSection
	GlobalSection(ProjectConfigurationPlatforms) = postSolution
		{040B400D-7CD8-4094-9DF3-E712C2E70117}.Debug|Any CPU.ActiveCfg = Debug|Any CPU
		{040B400D-7CD8-4094-9DF3-E712C2E70117}.Debug|Any CPU.Build.0 = Debug|Any CPU
		{040B400D-7CD8-4094-9DF3-E712C2E70117}.Release|Any CPU.ActiveCfg = Release|Any CPU
		{040B400D-7CD8-4094-9DF3-E712C2E70117}.Release|Any CPU.Build.0 = Release|Any CPU
	EndGlobalSection
	GlobalSection(SolutionProperties) = preSolution
		HideSolutionNode = FALSE
	EndGlobalSection
	GlobalSection(ExtensibilityGlobals) = postSolution
		SolutionGuid = {0CA5C444-319C-4A8B-9CDC-DA0A99B65365}
	EndGlobalSection
EndGlobal
